
Microsoft Visual Studio Solution File, Format Version 12.00
# Visual Studio Version 17
VisualStudioVersion = 17.4.33213.308
MinimumVisualStudioVersion = 10.0.40219.1
Project("{FAE04EC0-301F-11D3-BF4B-00C04F79EFBC}") = "ZAEBAL", "ZAEBAL\ZAEBAL.csproj", "{E8071824-754D-403F-96AC-DC5688FF4A37}"
EndProject
Global
	GlobalSection(SolutionConfigurationPlatforms) = preSolution
		Debug|Any CPU = Debug|Any CPU
		Release|Any CPU = Release|Any CPU
	EndGlobalSection
	GlobalSection(ProjectConfigurationPlatforms) = postSolution
		{E8071824-754D-403F-96AC-DC5688FF4A37}.Debug|Any CPU.ActiveCfg = Debug|Any CPU
		{E8071824-754D-403F-96AC-DC5688FF4A37}.Debug|Any CPU.Build.0 = Debug|Any CPU
		{E8071824-754D-403F-96AC-DC5688FF4A37}.Release|Any CPU.ActiveCfg = Release|Any CPU
		{E8071824-754D-403F-96AC-DC5688FF4A37}.Release|Any CPU.Build.0 = Release|Any CPU
	EndGlobalSection
	GlobalSection(SolutionProperties) = preSolution
		HideSolutionNode = FALSE
	EndGlobalSection
	GlobalSection(ExtensibilityGlobals) = postSolution
		SolutionGuid = {5F87F06A-514B-4182-BDC2-77A9883B5A1A}
	EndGlobalSection
EndGlobal
